
Microsoft Visual Studio Solution File, Format Version 12.00
# Visual Studio Version 17
VisualStudioVersion = 17.3.32929.385
MinimumVisualStudioVersion = 10.0.40219.1
Project("{FAE04EC0-301F-11D3-BF4B-00C04F79EFBC}") = "PizzaWebApp", "PizzaWebApp\PizzaWebApp.csproj", "{05A72E9D-A084-418A-848A-CBFF823FC637}"
EndProject
Global
	GlobalSection(SolutionConfigurationPlatforms) = preSolution
		Debug|Any CPU = Debug|Any CPU
		Release|Any CPU = Release|Any CPU
	EndGlobalSection
	GlobalSection(ProjectConfigurationPlatforms) = postSolution
		{05A72E9D-A084-418A-848A-CBFF823FC637}.Debug|Any CPU.ActiveCfg = Debug|Any CPU
		{05A72E9D-A084-418A-848A-CBFF823FC637}.Debug|Any CPU.Build.0 = Debug|Any CPU
		{05A72E9D-A084-418A-848A-CBFF823FC637}.Release|Any CPU.ActiveCfg = Release|Any CPU
		{05A72E9D-A084-418A-848A-CBFF823FC637}.Release|Any CPU.Build.0 = Release|Any CPU
	EndGlobalSection
	GlobalSection(SolutionProperties) = preSolution
		HideSolutionNode = FALSE
	EndGlobalSection
	GlobalSection(ExtensibilityGlobals) = postSolution
		SolutionGuid = {A54AAD04-B81E-4172-8760-6B9C9A744E4F}
	EndGlobalSection
EndGlobal
